
Microsoft Visual Studio Solution File, Format Version 12.00
# Visual Studio Version 17
VisualStudioVersion = 17.7.34009.444
MinimumVisualStudioVersion = 10.0.40219.1
Project("{FAE04EC0-301F-11D3-BF4B-00C04F79EFBC}") = "PresentacionTienda", "PresentacionTienda\PresentacionTienda.csproj", "{E8DEDBD0-E066-48CC-9B26-7B99D804AD6D}"
EndProject
Project("{FAE04EC0-301F-11D3-BF4B-00C04F79EFBC}") = "AccesoDatos", "AccesoDatos\AccesoDatos.csproj", "{102EBD7D-B898-467C-B949-BBC4BADD75D6}"
EndProject
Project("{FAE04EC0-301F-11D3-BF4B-00C04F79EFBC}") = "Entidades", "Entidades\Entidades.csproj", "{409E4640-3493-4C09-957C-4D08742F676A}"
EndProject
Project("{FAE04EC0-301F-11D3-BF4B-00C04F79EFBC}") = "Manejadores", "Mnejadores\Manejadores.csproj", "{70BD9308-1ED3-4753-AD9F-A197BCF917DB}"
EndProject
Global
	GlobalSection(SolutionConfigurationPlatforms) = preSolution
		Debug|Any CPU = Debug|Any CPU
		Release|Any CPU = Release|Any CPU
	EndGlobalSection
	GlobalSection(ProjectConfigurationPlatforms) = postSolution
		{E8DEDBD0-E066-48CC-9B26-7B99D804AD6D}.Debug|Any CPU.ActiveCfg = Debug|Any CPU
		{E8DEDBD0-E066-48CC-9B26-7B99D804AD6D}.Debug|Any CPU.Build.0 = Debug|Any CPU
		{E8DEDBD0-E066-48CC-9B26-7B99D804AD6D}.Release|Any CPU.ActiveCfg = Release|Any CPU
		{E8DEDBD0-E066-48CC-9B26-7B99D804AD6D}.Release|Any CPU.Build.0 = Release|Any CPU
		{102EBD7D-B898-467C-B949-BBC4BADD75D6}.Debug|Any CPU.ActiveCfg = Debug|Any CPU
		{102EBD7D-B898-467C-B949-BBC4BADD75D6}.Debug|Any CPU.Build.0 = Debug|Any CPU
		{102EBD7D-B898-467C-B949-BBC4BADD75D6}.Release|Any CPU.ActiveCfg = Release|Any CPU
		{102EBD7D-B898-467C-B949-BBC4BADD75D6}.Release|Any CPU.Build.0 = Release|Any CPU
		{409E4640-3493-4C09-957C-4D08742F676A}.Debug|Any CPU.ActiveCfg = Debug|Any CPU
		{409E4640-3493-4C09-957C-4D08742F676A}.Debug|Any CPU.Build.0 = Debug|Any CPU
		{409E4640-3493-4C09-957C-4D08742F676A}.Release|Any CPU.ActiveCfg = Release|Any CPU
		{409E4640-3493-4C09-957C-4D08742F676A}.Release|Any CPU.Build.0 = Release|Any CPU
		{70BD9308-1ED3-4753-AD9F-A197BCF917DB}.Debug|Any CPU.ActiveCfg = Debug|Any CPU
		{70BD9308-1ED3-4753-AD9F-A197BCF917DB}.Debug|Any CPU.Build.0 = Debug|Any CPU
		{70BD9308-1ED3-4753-AD9F-A197BCF917DB}.Release|Any CPU.ActiveCfg = Release|Any CPU
		{70BD9308-1ED3-4753-AD9F-A197BCF917DB}.Release|Any CPU.Build.0 = Release|Any CPU
	EndGlobalSection
	GlobalSection(SolutionProperties) = preSolution
		HideSolutionNode = FALSE
	EndGlobalSection
	GlobalSection(ExtensibilityGlobals) = postSolution
		SolutionGuid = {B1E08666-F78E-4253-987C-042D3C9F09EB}
	EndGlobalSection
EndGlobal
